
Microsoft Visual Studio Solution File, Format Version 12.00
# Visual Studio 14
VisualStudioVersion = 14.0.25420.1
MinimumVisualStudioVersion = 10.0.40219.1
Project("{FAE04EC0-301F-11D3-BF4B-00C04F79EFBC}") = "Hive", "FuryTestComponants\Hive.csproj", "{1153AC1E-5259-4788-8263-46F86B2616F3}"
EndProject
Project("{FAE04EC0-301F-11D3-BF4B-00C04F79EFBC}") = "HiveMind", "HiveMind\HiveMind.csproj", "{3D1BDDA6-6433-4637-AF79-5D16B70FD92C}"
EndProject
Global
	GlobalSection(SolutionConfigurationPlatforms) = preSolution
		Debug|Any CPU = Debug|Any CPU
		Release|Any CPU = Release|Any CPU
	EndGlobalSection
	GlobalSection(ProjectConfigurationPlatforms) = postSolution
		{1153AC1E-5259-4788-8263-46F86B2616F3}.Debug|Any CPU.ActiveCfg = Debug|Any CPU
		{1153AC1E-5259-4788-8263-46F86B2616F3}.Debug|Any CPU.Build.0 = Debug|Any CPU
		{1153AC1E-5259-4788-8263-46F86B2616F3}.Release|Any CPU.ActiveCfg = Release|Any CPU
		{1153AC1E-5259-4788-8263-46F86B2616F3}.Release|Any CPU.Build.0 = Release|Any CPU
		{3D1BDDA6-6433-4637-AF79-5D16B70FD92C}.Debug|Any CPU.ActiveCfg = Debug|Any CPU
		{3D1BDDA6-6433-4637-AF79-5D16B70FD92C}.Debug|Any CPU.Build.0 = Debug|Any CPU
		{3D1BDDA6-6433-4637-AF79-5D16B70FD92C}.Release|Any CPU.ActiveCfg = Release|Any CPU
		{3D1BDDA6-6433-4637-AF79-5D16B70FD92C}.Release|Any CPU.Build.0 = Release|Any CPU
	EndGlobalSection
	GlobalSection(SolutionProperties) = preSolution
		HideSolutionNode = FALSE
	EndGlobalSection
EndGlobal
