
Microsoft Visual Studio Solution File, Format Version 12.00
# Visual Studio 14
VisualStudioVersion = 14.0.25420.1
MinimumVisualStudioVersion = 10.0.40219.1
Project("{FAE04EC0-301F-11D3-BF4B-00C04F79EFBC}") = "HiveSuite", "HiveSuite.csproj", "{82E0624E-776E-454D-A41D-0A3F764B3485}"
EndProject
Project("{FAE04EC0-301F-11D3-BF4B-00C04F79EFBC}") = "SimpleNetworkServer", "..\SimpleNetworkServer\SimpleNetworkServer.csproj", "{D4BDF3C9-8ED6-40D0-A79A-36B0EDA18946}"
EndProject
Global
	GlobalSection(SolutionConfigurationPlatforms) = preSolution
		Debug|Any CPU = Debug|Any CPU
		Release|Any CPU = Release|Any CPU
	EndGlobalSection
	GlobalSection(ProjectConfigurationPlatforms) = postSolution
		{82E0624E-776E-454D-A41D-0A3F764B3485}.Debug|Any CPU.ActiveCfg = Debug|Any CPU
		{82E0624E-776E-454D-A41D-0A3F764B3485}.Debug|Any CPU.Build.0 = Debug|Any CPU
		{82E0624E-776E-454D-A41D-0A3F764B3485}.Release|Any CPU.ActiveCfg = Release|Any CPU
		{82E0624E-776E-454D-A41D-0A3F764B3485}.Release|Any CPU.Build.0 = Release|Any CPU
		{D4BDF3C9-8ED6-40D0-A79A-36B0EDA18946}.Debug|Any CPU.ActiveCfg = Debug|Any CPU
		{D4BDF3C9-8ED6-40D0-A79A-36B0EDA18946}.Debug|Any CPU.Build.0 = Debug|Any CPU
		{D4BDF3C9-8ED6-40D0-A79A-36B0EDA18946}.Release|Any CPU.ActiveCfg = Release|Any CPU
		{D4BDF3C9-8ED6-40D0-A79A-36B0EDA18946}.Release|Any CPU.Build.0 = Release|Any CPU
	EndGlobalSection
	GlobalSection(SolutionProperties) = preSolution
		HideSolutionNode = FALSE
	EndGlobalSection
EndGlobal
